github.com/mattn/go-isatty v0.0.13 h1:qdl+GuBjcsKKDco5BsxPJlId98mSWNKqYA+Co0SC1yA=
github.com/mattn/go-isatty v0.0.13/go.mod h1:cbi8OIDigv2wuxKPP5vlRcQ1OAZbq2CE4Kysco4FUpU=
github.com/mattn/go-runewidth v0.0.9 h1:Lm995f3rfxdpd6TSmuVCHVb/QhupuXlYr8sCI/QdE+0=
github.com/mattn/go-runewidth v0.0.9/go.mod h1:H031xJmbD/WCDINGzjvQ9THkh0rPKHF+m2gUSrubnMI=
github.com/olekukonko/tablewriter v0.0.5 h1:P2Ga83D34wi1o9J6Wh1mRuqd4mF/x/lgBS7N7AbDhec=
github.com/olekukonko/tablewriter v0.0.5/go.mod h1:hPp6KlRPjbx+hW8ykQs1w3UBbZlj6HuIJcUGPhkA7kY=
github.com/thehungry-dev/asserting v0.2.0 h1:hgQgVuRR7zUOSF547H0MQ2JvZdAwxLIC2f9cukQMCl4=
github.com/thehungry-dev/asserting v0.2.0/go.mod h1:rwslLo/jyrmtsHYm8f9YIuI2qKwUQAQUR/oCz1jeN6A=
github.com/thehungry-dev/testmatrix v0.1.0 h1:+jKmcVccYMQC8lUPBJcnbH1pE3P5a8lXjqwmSGmPzKw=
github.com/thehungry-dev/testmatrix v0.1.0/go.mod h1:NcvPVJyaao9uoGlm+qQXg29KJZ2kCc7HJozTWqPNBtI=
golang.org/x/sys v0.0.0-20200116001909-b77594299b42 h1:vEOn+mP2zCOVzKckCZy6YsCtDblrpj/w7B9nxGNELpg=
golang.org/x/sys v0.0.0-20200116001909-b77594299b42/go.mod h1:h1NjWce9XRLGQEsW7wpKNCjG9DtNlClVuFLEZdDNbEs=
